// !$*UTF8*$!
{
	archiveVersion = 1;
	classes = {
	};
	objectVersion = 56;
	objects = {

/* Begin PBXBuildFile section */
		C517FFF82AEC9B9200FB2E73 /* BathCareApp.swift in Sources */ = {isa = PBXBuildFile; fileRef = C517FFF72AEC9B9200FB2E73 /* BathCareApp.swift */; };
		C517FFFA2AEC9B9200FB2E73 /* ContentView.swift in Sources */ = {isa = PBXBuildFile; fileRef = C517FFF92AEC9B9200FB2E73 /* ContentView.swift */; };
		C517FFFC2AEC9B9300FB2E73 /* Assets.xcassets in Resources */ = {isa = PBXBuildFile; fileRef = C517FFFB2AEC9B9300FB2E73 /* Assets.xcassets */; };
		C517FFFF2AEC9B9300FB2E73 /* Preview Assets.xcassets in Resources */ = {isa = PBXBuildFile; fileRef = C517FFFE2AEC9B9300FB2E73 /* Preview Assets.xcassets */; };
		C5660BD82AECFBD2000E5CD0 /* GoogleService-Info.plist in Resources */ = {isa = PBXBuildFile; fileRef = C5660BD72AECFBD2000E5CD0 /* GoogleService-Info.plist */; };
		C5660BDB2AECFC21000E5CD0 /* FirebaseAnalytics in Frameworks */ = {isa = PBXBuildFile; productRef = C5660BDA2AECFC21000E5CD0 /* FirebaseAnalytics */; };
		C5660BDD2AECFC21000E5CD0 /* FirebaseAnalyticsOnDeviceConversion in Frameworks */ = {isa = PBXBuildFile; productRef = C5660BDC2AECFC21000E5CD0 /* FirebaseAnalyticsOnDeviceConversion */; };
		C5660BDF2AECFC21000E5CD0 /* FirebaseAnalyticsSwift in Frameworks */ = {isa = PBXBuildFile; productRef = C5660BDE2AECFC21000E5CD0 /* FirebaseAnalyticsSwift */; };
		C5660BE12AECFC21000E5CD0 /* FirebaseAnalyticsWithoutAdIdSupport in Frameworks */ = {isa = PBXBuildFile; productRef = C5660BE02AECFC21000E5CD0 /* FirebaseAnalyticsWithoutAdIdSupport */; };
		C5660BE32AECFC21000E5CD0 /* FirebaseAppCheck in Frameworks */ = {isa = PBXBuildFile; productRef = C5660BE22AECFC21000E5CD0 /* FirebaseAppCheck */; };
		C5660BE52AECFC21000E5CD0 /* FirebaseAppDistribution-Beta in Frameworks */ = {isa = PBXBuildFile; productRef = C5660BE42AECFC21000E5CD0 /* FirebaseAppDistribution-Beta */; };
		C5660BE72AECFC21000E5CD0 /* FirebaseAuth in Frameworks */ = {isa = PBXBuildFile; productRef = C5660BE62AECFC21000E5CD0 /* FirebaseAuth */; };
		C5660BE92AECFC21000E5CD0 /* FirebaseAuthCombine-Community in Frameworks */ = {isa = PBXBuildFile; productRef = C5660BE82AECFC21000E5CD0 /* FirebaseAuthCombine-Community */; };
		C5660BEB2AECFC21000E5CD0 /* FirebaseCrashlytics in Frameworks */ = {isa = PBXBuildFile; productRef = C5660BEA2AECFC21000E5CD0 /* FirebaseCrashlytics */; };
		C5660BED2AECFC21000E5CD0 /* FirebaseDatabase in Frameworks */ = {isa = PBXBuildFile; productRef = C5660BEC2AECFC21000E5CD0 /* FirebaseDatabase */; };
		C5660BEF2AECFC21000E5CD0 /* FirebaseDatabaseSwift in Frameworks */ = {isa = PBXBuildFile; productRef = C5660BEE2AECFC21000E5CD0 /* FirebaseDatabaseSwift */; };
		C5660BF12AECFC21000E5CD0 /* FirebaseDynamicLinks in Frameworks */ = {isa = PBXBuildFile; productRef = C5660BF02AECFC21000E5CD0 /* FirebaseDynamicLinks */; };
		C5660BF32AECFC21000E5CD0 /* FirebaseFirestore in Frameworks */ = {isa = PBXBuildFile; productRef = C5660BF22AECFC21000E5CD0 /* FirebaseFirestore */; };
		C5660BF52AECFC21000E5CD0 /* FirebaseFirestoreCombine-Community in Frameworks */ = {isa = PBXBuildFile; productRef = C5660BF42AECFC21000E5CD0 /* FirebaseFirestoreCombine-Community */; };
		C5660BF72AECFC21000E5CD0 /* FirebaseFirestoreSwift in Frameworks */ = {isa = PBXBuildFile; productRef = C5660BF62AECFC21000E5CD0 /* FirebaseFirestoreSwift */; };
		C5660BF92AECFC21000E5CD0 /* FirebaseFunctions in Frameworks */ = {isa = PBXBuildFile; productRef = C5660BF82AECFC21000E5CD0 /* FirebaseFunctions */; };
		C5660BFB2AECFC21000E5CD0 /* FirebaseFunctionsCombine-Community in Frameworks */ = {isa = PBXBuildFile; productRef = C5660BFA2AECFC21000E5CD0 /* FirebaseFunctionsCombine-Community */; };
		C5660BFD2AECFC21000E5CD0 /* FirebaseInAppMessaging-Beta in Frameworks */ = {isa = PBXBuildFile; productRef = C5660BFC2AECFC21000E5CD0 /* FirebaseInAppMessaging-Beta */; };
		C5660BFF2AECFC21000E5CD0 /* FirebaseInAppMessagingSwift-Beta in Frameworks */ = {isa = PBXBuildFile; productRef = C5660BFE2AECFC21000E5CD0 /* FirebaseInAppMessagingSwift-Beta */; };
		C5660C012AECFC21000E5CD0 /* FirebaseInstallations in Frameworks */ = {isa = PBXBuildFile; productRef = C5660C002AECFC21000E5CD0 /* FirebaseInstallations */; };
		C5660C032AECFC21000E5CD0 /* FirebaseMLModelDownloader in Frameworks */ = {isa = PBXBuildFile; productRef = C5660C022AECFC21000E5CD0 /* FirebaseMLModelDownloader */; };
		C5660C052AECFC21000E5CD0 /* FirebaseMessaging in Frameworks */ = {isa = PBXBuildFile; productRef = C5660C042AECFC21000E5CD0 /* FirebaseMessaging */; };
		C5660C072AECFC21000E5CD0 /* FirebasePerformance in Frameworks */ = {isa = PBXBuildFile; productRef = C5660C062AECFC21000E5CD0 /* FirebasePerformance */; };
		C5660C092AECFC21000E5CD0 /* FirebaseRemoteConfig in Frameworks */ = {isa = PBXBuildFile; productRef = C5660C082AECFC21000E5CD0 /* FirebaseRemoteConfig */; };
		C5660C0B2AECFC21000E5CD0 /* FirebaseRemoteConfigSwift in Frameworks */ = {isa = PBXBuildFile; productRef = C5660C0A2AECFC21000E5CD0 /* FirebaseRemoteConfigSwift */; };
		C5660C0D2AECFC21000E5CD0 /* FirebaseStorage in Frameworks */ = {isa = PBXBuildFile; productRef = C5660C0C2AECFC21000E5CD0 /* FirebaseStorage */; };
		C5660C0F2AECFC21000E5CD0 /* FirebaseStorageCombine-Community in Frameworks */ = {isa = PBXBuildFile; productRef = C5660C0E2AECFC21000E5CD0 /* FirebaseStorageCombine-Community */; };
		C5660C112AECFEE8000E5CD0 /* AppDelegate.swift in Sources */ = {isa = PBXBuildFile; fileRef = C5660C102AECFEE8000E5CD0 /* AppDelegate.swift */; };
		C5660C142AEE0A09000E5CD0 /* Date+ex.swift in Sources */ = {isa = PBXBuildFile; fileRef = C5660C132AEE0A09000E5CD0 /* Date+ex.swift */; };
		C5660C172AEE7669000E5CD0 /* SensorDataJson.swift in Sources */ = {isa = PBXBuildFile; fileRef = C5660C162AEE7669000E5CD0 /* SensorDataJson.swift */; };
		C5660C192AEE7684000E5CD0 /* BathStatusJson.swift in Sources */ = {isa = PBXBuildFile; fileRef = C5660C182AEE7684000E5CD0 /* BathStatusJson.swift */; };
		C5660C1B2AEE769C000E5CD0 /* PhoneNumberJson.swift in Sources */ = {isa = PBXBuildFile; fileRef = C5660C1A2AEE769C000E5CD0 /* PhoneNumberJson.swift */; };
		C5660C1D2AEE76BB000E5CD0 /* BathStatus.swift in Sources */ = {isa = PBXBuildFile; fileRef = C5660C1C2AEE76BB000E5CD0 /* BathStatus.swift */; };
		C5660C232AEE7732000E5CD0 /* HistoryJson.swift in Sources */ = {isa = PBXBuildFile; fileRef = C5660C222AEE7732000E5CD0 /* HistoryJson.swift */; };
		C5660C252AEE777C000E5CD0 /* ActionNotification.swift in Sources */ = {isa = PBXBuildFile; fileRef = C5660C242AEE777C000E5CD0 /* ActionNotification.swift */; };
		C5660C272AEE7845000E5CD0 /* HomeNotificationListView.swift in Sources */ = {isa = PBXBuildFile; fileRef = C5660C262AEE7845000E5CD0 /* HomeNotificationListView.swift */; };
		C5660C292AEE7894000E5CD0 /* HeatShockPopupView.swift in Sources */ = {isa = PBXBuildFile; fileRef = C5660C282AEE7894000E5CD0 /* HeatShockPopupView.swift */; };
		C5660C2B2AEE78CB000E5CD0 /* HomeAlertView.swift in Sources */ = {isa = PBXBuildFile; fileRef = C5660C2A2AEE78CB000E5CD0 /* HomeAlertView.swift */; };
		C5718E932AECA1BB002AF495 /* HomeView.swift in Sources */ = {isa = PBXBuildFile; fileRef = C5718E922AECA1BB002AF495 /* HomeView.swift */; };
		C5718E962AECA39D002AF495 /* Color+ex.swift in Sources */ = {isa = PBXBuildFile; fileRef = C5718E952AECA39D002AF495 /* Color+ex.swift */; };
		C5718E982AECAB1D002AF495 /* HomeViewModel.swift in Sources */ = {isa = PBXBuildFile; fileRef = C5718E972AECAB1D002AF495 /* HomeViewModel.swift */; };
<<<<<<< Updated upstream
=======
		C596471B2AF631D300A6578F /* ConnectingBluetoothViewModel.swift in Sources */ = {isa = PBXBuildFile; fileRef = C596471A2AF631D300A6578F /* ConnectingBluetoothViewModel.swift */; };
		C596471D2AF631EF00A6578F /* ConnectingBluetoothView.swift in Sources */ = {isa = PBXBuildFile; fileRef = C596471C2AF631EF00A6578F /* ConnectingBluetoothView.swift */; };
		C59647202AF63B0100A6578F /* FifthView.swift in Sources */ = {isa = PBXBuildFile; fileRef = C596471F2AF63B0100A6578F /* FifthView.swift */; };
		C59647242AF64F8900A6578F /* FifthViewModel.swift in Sources */ = {isa = PBXBuildFile; fileRef = C59647232AF64F8900A6578F /* FifthViewModel.swift */; };
		C596472C2AFD0F1500A6578F /* BathStatusService.swift in Sources */ = {isa = PBXBuildFile; fileRef = C596472B2AFD0F1500A6578F /* BathStatusService.swift */; };
		C596472E2AFD0FA200A6578F /* Service.swift in Sources */ = {isa = PBXBuildFile; fileRef = C596472D2AFD0FA200A6578F /* Service.swift */; };
		C59647302AFD120100A6578F /* AppDataStore.swift in Sources */ = {isa = PBXBuildFile; fileRef = C596472F2AFD120100A6578F /* AppDataStore.swift */; };
		C59647332AFD167400A6578F /* SensorDataService.swift in Sources */ = {isa = PBXBuildFile; fileRef = C59647322AFD167400A6578F /* SensorDataService.swift */; };
		C59647352AFD1B6700A6578F /* HistoryService.swift in Sources */ = {isa = PBXBuildFile; fileRef = C59647342AFD1B6700A6578F /* HistoryService.swift */; };
		C59647372AFD1BD500A6578F /* PhoneNumberService.swift in Sources */ = {isa = PBXBuildFile; fileRef = C59647362AFD1BD500A6578F /* PhoneNumberService.swift */; };
>>>>>>> Stashed changes
/* End PBXBuildFile section */

/* Begin PBXFileReference section */
		C517FFF42AEC9B9200FB2E73 /* BathCare.app */ = {isa = PBXFileReference; explicitFileType = wrapper.application; includeInIndex = 0; path = BathCare.app; sourceTree = BUILT_PRODUCTS_DIR; };
		C517FFF72AEC9B9200FB2E73 /* BathCareApp.swift */ = {isa = PBXFileReference; lastKnownFileType = sourcecode.swift; path = BathCareApp.swift; sourceTree = "<group>"; };
		C517FFF92AEC9B9200FB2E73 /* ContentView.swift */ = {isa = PBXFileReference; lastKnownFileType = sourcecode.swift; path = ContentView.swift; sourceTree = "<group>"; };
		C517FFFB2AEC9B9300FB2E73 /* Assets.xcassets */ = {isa = PBXFileReference; lastKnownFileType = folder.assetcatalog; path = Assets.xcassets; sourceTree = "<group>"; };
		C517FFFE2AEC9B9300FB2E73 /* Preview Assets.xcassets */ = {isa = PBXFileReference; lastKnownFileType = folder.assetcatalog; path = "Preview Assets.xcassets"; sourceTree = "<group>"; };
		C5660BD72AECFBD2000E5CD0 /* GoogleService-Info.plist */ = {isa = PBXFileReference; fileEncoding = 4; lastKnownFileType = text.plist.xml; path = "GoogleService-Info.plist"; sourceTree = "<group>"; };
		C5660C102AECFEE8000E5CD0 /* AppDelegate.swift */ = {isa = PBXFileReference; lastKnownFileType = sourcecode.swift; path = AppDelegate.swift; sourceTree = "<group>"; };
		C5660C122AED06FD000E5CD0 /* BathCare.entitlements */ = {isa = PBXFileReference; lastKnownFileType = text.plist.entitlements; path = BathCare.entitlements; sourceTree = "<group>"; };
		C5660C132AEE0A09000E5CD0 /* Date+ex.swift */ = {isa = PBXFileReference; lastKnownFileType = sourcecode.swift; path = "Date+ex.swift"; sourceTree = "<group>"; };
		C5660C162AEE7669000E5CD0 /* SensorDataJson.swift */ = {isa = PBXFileReference; lastKnownFileType = sourcecode.swift; path = SensorDataJson.swift; sourceTree = "<group>"; };
		C5660C182AEE7684000E5CD0 /* BathStatusJson.swift */ = {isa = PBXFileReference; lastKnownFileType = sourcecode.swift; path = BathStatusJson.swift; sourceTree = "<group>"; };
		C5660C1A2AEE769C000E5CD0 /* PhoneNumberJson.swift */ = {isa = PBXFileReference; lastKnownFileType = sourcecode.swift; path = PhoneNumberJson.swift; sourceTree = "<group>"; };
		C5660C1C2AEE76BB000E5CD0 /* BathStatus.swift */ = {isa = PBXFileReference; lastKnownFileType = sourcecode.swift; path = BathStatus.swift; sourceTree = "<group>"; };
		C5660C222AEE7732000E5CD0 /* HistoryJson.swift */ = {isa = PBXFileReference; lastKnownFileType = sourcecode.swift; path = HistoryJson.swift; sourceTree = "<group>"; };
		C5660C242AEE777C000E5CD0 /* ActionNotification.swift */ = {isa = PBXFileReference; lastKnownFileType = sourcecode.swift; path = ActionNotification.swift; sourceTree = "<group>"; };
		C5660C262AEE7845000E5CD0 /* HomeNotificationListView.swift */ = {isa = PBXFileReference; lastKnownFileType = sourcecode.swift; path = HomeNotificationListView.swift; sourceTree = "<group>"; };
		C5660C282AEE7894000E5CD0 /* HeatShockPopupView.swift */ = {isa = PBXFileReference; lastKnownFileType = sourcecode.swift; path = HeatShockPopupView.swift; sourceTree = "<group>"; };
		C5660C2A2AEE78CB000E5CD0 /* HomeAlertView.swift */ = {isa = PBXFileReference; lastKnownFileType = sourcecode.swift; path = HomeAlertView.swift; sourceTree = "<group>"; };
		C5718E922AECA1BB002AF495 /* HomeView.swift */ = {isa = PBXFileReference; lastKnownFileType = sourcecode.swift; path = HomeView.swift; sourceTree = "<group>"; };
		C5718E952AECA39D002AF495 /* Color+ex.swift */ = {isa = PBXFileReference; lastKnownFileType = sourcecode.swift; path = "Color+ex.swift"; sourceTree = "<group>"; };
		C5718E972AECAB1D002AF495 /* HomeViewModel.swift */ = {isa = PBXFileReference; lastKnownFileType = sourcecode.swift; path = HomeViewModel.swift; sourceTree = "<group>"; };
<<<<<<< Updated upstream
=======
		C596471A2AF631D300A6578F /* ConnectingBluetoothViewModel.swift */ = {isa = PBXFileReference; lastKnownFileType = sourcecode.swift; path = ConnectingBluetoothViewModel.swift; sourceTree = "<group>"; };
		C596471C2AF631EF00A6578F /* ConnectingBluetoothView.swift */ = {isa = PBXFileReference; lastKnownFileType = sourcecode.swift; path = ConnectingBluetoothView.swift; sourceTree = "<group>"; };
		C596471F2AF63B0100A6578F /* FifthView.swift */ = {isa = PBXFileReference; lastKnownFileType = sourcecode.swift; path = FifthView.swift; sourceTree = "<group>"; };
		C59647232AF64F8900A6578F /* FifthViewModel.swift */ = {isa = PBXFileReference; lastKnownFileType = sourcecode.swift; path = FifthViewModel.swift; sourceTree = "<group>"; };
		C596472B2AFD0F1500A6578F /* BathStatusService.swift */ = {isa = PBXFileReference; lastKnownFileType = sourcecode.swift; path = BathStatusService.swift; sourceTree = "<group>"; };
		C596472D2AFD0FA200A6578F /* Service.swift */ = {isa = PBXFileReference; lastKnownFileType = sourcecode.swift; path = Service.swift; sourceTree = "<group>"; };
		C596472F2AFD120100A6578F /* AppDataStore.swift */ = {isa = PBXFileReference; lastKnownFileType = sourcecode.swift; path = AppDataStore.swift; sourceTree = "<group>"; };
		C59647322AFD167400A6578F /* SensorDataService.swift */ = {isa = PBXFileReference; lastKnownFileType = sourcecode.swift; path = SensorDataService.swift; sourceTree = "<group>"; };
		C59647342AFD1B6700A6578F /* HistoryService.swift */ = {isa = PBXFileReference; lastKnownFileType = sourcecode.swift; path = HistoryService.swift; sourceTree = "<group>"; };
		C59647362AFD1BD500A6578F /* PhoneNumberService.swift */ = {isa = PBXFileReference; lastKnownFileType = sourcecode.swift; path = PhoneNumberService.swift; sourceTree = "<group>"; };
>>>>>>> Stashed changes
/* End PBXFileReference section */

/* Begin PBXFrameworksBuildPhase section */
		C517FFF12AEC9B9200FB2E73 /* Frameworks */ = {
			isa = PBXFrameworksBuildPhase;
			buildActionMask = 2147483647;
			files = (
				C5660BED2AECFC21000E5CD0 /* FirebaseDatabase in Frameworks */,
				C5660BFB2AECFC21000E5CD0 /* FirebaseFunctionsCombine-Community in Frameworks */,
				C5660BF32AECFC21000E5CD0 /* FirebaseFirestore in Frameworks */,
				C5660BDF2AECFC21000E5CD0 /* FirebaseAnalyticsSwift in Frameworks */,
				C5660BDB2AECFC21000E5CD0 /* FirebaseAnalytics in Frameworks */,
				C5660BDD2AECFC21000E5CD0 /* FirebaseAnalyticsOnDeviceConversion in Frameworks */,
				C5660C032AECFC21000E5CD0 /* FirebaseMLModelDownloader in Frameworks */,
				C5660BF72AECFC21000E5CD0 /* FirebaseFirestoreSwift in Frameworks */,
				C5660BE32AECFC21000E5CD0 /* FirebaseAppCheck in Frameworks */,
				C5660BE12AECFC21000E5CD0 /* FirebaseAnalyticsWithoutAdIdSupport in Frameworks */,
				C5660BE72AECFC21000E5CD0 /* FirebaseAuth in Frameworks */,
				C5660BEB2AECFC21000E5CD0 /* FirebaseCrashlytics in Frameworks */,
				C5660C0B2AECFC21000E5CD0 /* FirebaseRemoteConfigSwift in Frameworks */,
				C5660BFD2AECFC21000E5CD0 /* FirebaseInAppMessaging-Beta in Frameworks */,
				C5660BEF2AECFC21000E5CD0 /* FirebaseDatabaseSwift in Frameworks */,
				C5660BF92AECFC21000E5CD0 /* FirebaseFunctions in Frameworks */,
				C5660C0F2AECFC21000E5CD0 /* FirebaseStorageCombine-Community in Frameworks */,
				C5660C092AECFC21000E5CD0 /* FirebaseRemoteConfig in Frameworks */,
				C5660BE52AECFC21000E5CD0 /* FirebaseAppDistribution-Beta in Frameworks */,
				C5660BE92AECFC21000E5CD0 /* FirebaseAuthCombine-Community in Frameworks */,
				C5660C072AECFC21000E5CD0 /* FirebasePerformance in Frameworks */,
				C5660BFF2AECFC21000E5CD0 /* FirebaseInAppMessagingSwift-Beta in Frameworks */,
				C5660C0D2AECFC21000E5CD0 /* FirebaseStorage in Frameworks */,
				C5660BF12AECFC21000E5CD0 /* FirebaseDynamicLinks in Frameworks */,
				C5660BF52AECFC21000E5CD0 /* FirebaseFirestoreCombine-Community in Frameworks */,
				C5660C052AECFC21000E5CD0 /* FirebaseMessaging in Frameworks */,
				C5660C012AECFC21000E5CD0 /* FirebaseInstallations in Frameworks */,
			);
			runOnlyForDeploymentPostprocessing = 0;
		};
/* End PBXFrameworksBuildPhase section */

/* Begin PBXGroup section */
		C517FFEB2AEC9B9200FB2E73 = {
			isa = PBXGroup;
			children = (
				C517FFF62AEC9B9200FB2E73 /* BathCare */,
				C517FFF52AEC9B9200FB2E73 /* Products */,
			);
			sourceTree = "<group>";
		};
		C517FFF52AEC9B9200FB2E73 /* Products */ = {
			isa = PBXGroup;
			children = (
				C517FFF42AEC9B9200FB2E73 /* BathCare.app */,
			);
			name = Products;
			sourceTree = "<group>";
		};
		C517FFF62AEC9B9200FB2E73 /* BathCare */ = {
			isa = PBXGroup;
			children = (
<<<<<<< Updated upstream
=======
				C59647312AFD164300A6578F /* Network */,
				C517FFF72AEC9B9200FB2E73 /* BathCareApp.swift */,
				C5660C102AECFEE8000E5CD0 /* AppDelegate.swift */,
				C56B6C842AF601220013F504 /* View */,
>>>>>>> Stashed changes
				C5660C122AED06FD000E5CD0 /* BathCare.entitlements */,
				C517FFF72AEC9B9200FB2E73 /* BathCareApp.swift */,
				C517FFF92AEC9B9200FB2E73 /* ContentView.swift */,
				C5718E912AECA1AD002AF495 /* HomeView */,
				C5718E942AECA38B002AF495 /* Helper */,
				C517FFFB2AEC9B9300FB2E73 /* Assets.xcassets */,
				C517FFFD2AEC9B9300FB2E73 /* Preview Content */,
				C5660C152AEE7654000E5CD0 /* Model */,
				C5660BD72AECFBD2000E5CD0 /* GoogleService-Info.plist */,
				C5660C102AECFEE8000E5CD0 /* AppDelegate.swift */,
			);
			path = BathCare;
			sourceTree = "<group>";
		};
		C517FFFD2AEC9B9300FB2E73 /* Preview Content */ = {
			isa = PBXGroup;
			children = (
				C517FFFE2AEC9B9300FB2E73 /* Preview Assets.xcassets */,
			);
			path = "Preview Content";
			sourceTree = "<group>";
		};
		C5660C152AEE7654000E5CD0 /* Model */ = {
			isa = PBXGroup;
			children = (
				C5660C212AEE7728000E5CD0 /* History */,
				C5660C1F2AEE770F000E5CD0 /* SensorData */,
				C5660C1E2AEE76DB000E5CD0 /* BathStatus */,
				C5660C202AEE771C000E5CD0 /* PhoneNumber */,
			);
			path = Model;
			sourceTree = "<group>";
		};
		C5660C1E2AEE76DB000E5CD0 /* BathStatus */ = {
			isa = PBXGroup;
			children = (
				C5660C182AEE7684000E5CD0 /* BathStatusJson.swift */,
				C5660C1C2AEE76BB000E5CD0 /* BathStatus.swift */,
			);
			path = BathStatus;
			sourceTree = "<group>";
		};
		C5660C1F2AEE770F000E5CD0 /* SensorData */ = {
			isa = PBXGroup;
			children = (
				C5660C162AEE7669000E5CD0 /* SensorDataJson.swift */,
			);
			path = SensorData;
			sourceTree = "<group>";
		};
		C5660C202AEE771C000E5CD0 /* PhoneNumber */ = {
			isa = PBXGroup;
			children = (
				C5660C1A2AEE769C000E5CD0 /* PhoneNumberJson.swift */,
			);
			path = PhoneNumber;
			sourceTree = "<group>";
		};
		C5660C212AEE7728000E5CD0 /* History */ = {
			isa = PBXGroup;
			children = (
				C5660C222AEE7732000E5CD0 /* HistoryJson.swift */,
				C5660C242AEE777C000E5CD0 /* ActionNotification.swift */,
			);
			path = History;
			sourceTree = "<group>";
		};
		C5718E912AECA1AD002AF495 /* HomeView */ = {
			isa = PBXGroup;
			children = (
				C5718E922AECA1BB002AF495 /* HomeView.swift */,
				C5718E972AECAB1D002AF495 /* HomeViewModel.swift */,
				C5660C262AEE7845000E5CD0 /* HomeNotificationListView.swift */,
				C5660C282AEE7894000E5CD0 /* HeatShockPopupView.swift */,
				C5660C2A2AEE78CB000E5CD0 /* HomeAlertView.swift */,
			);
			path = HomeView;
			sourceTree = "<group>";
		};
		C5718E942AECA38B002AF495 /* Helper */ = {
			isa = PBXGroup;
			children = (
				C5718E952AECA39D002AF495 /* Color+ex.swift */,
				C5660C132AEE0A09000E5CD0 /* Date+ex.swift */,
			);
			path = Helper;
			sourceTree = "<group>";
		};
<<<<<<< Updated upstream
=======
		C596471E2AF63AD700A6578F /* ConnectingBluetoothView */ = {
			isa = PBXGroup;
			children = (
				C596471A2AF631D300A6578F /* ConnectingBluetoothViewModel.swift */,
				C596471C2AF631EF00A6578F /* ConnectingBluetoothView.swift */,
			);
			path = ConnectingBluetoothView;
			sourceTree = "<group>";
		};
		C59647252AFB265300A6578F /* Manager */ = {
			isa = PBXGroup;
			children = (
				C56B6C852AF6020A0013F504 /* BluetoothManager.swift */,
			);
			path = Manager;
			sourceTree = "<group>";
		};
		C596472A2AFD0DEF00A6578F /* Service */ = {
			isa = PBXGroup;
			children = (
				C596472B2AFD0F1500A6578F /* BathStatusService.swift */,
				C596472D2AFD0FA200A6578F /* Service.swift */,
				C59647322AFD167400A6578F /* SensorDataService.swift */,
				C59647342AFD1B6700A6578F /* HistoryService.swift */,
				C59647362AFD1BD500A6578F /* PhoneNumberService.swift */,
			);
			path = Service;
			sourceTree = "<group>";
		};
		C59647312AFD164300A6578F /* Network */ = {
			isa = PBXGroup;
			children = (
				C596472F2AFD120100A6578F /* AppDataStore.swift */,
				C596472A2AFD0DEF00A6578F /* Service */,
			);
			path = Network;
			sourceTree = "<group>";
		};
>>>>>>> Stashed changes
/* End PBXGroup section */

/* Begin PBXNativeTarget section */
		C517FFF32AEC9B9200FB2E73 /* BathCare */ = {
			isa = PBXNativeTarget;
			buildConfigurationList = C51700022AEC9B9300FB2E73 /* Build configuration list for PBXNativeTarget "BathCare" */;
			buildPhases = (
				C517FFF02AEC9B9200FB2E73 /* Sources */,
				C517FFF12AEC9B9200FB2E73 /* Frameworks */,
				C517FFF22AEC9B9200FB2E73 /* Resources */,
			);
			buildRules = (
			);
			dependencies = (
			);
			name = BathCare;
			packageProductDependencies = (
				C5660BDA2AECFC21000E5CD0 /* FirebaseAnalytics */,
				C5660BDC2AECFC21000E5CD0 /* FirebaseAnalyticsOnDeviceConversion */,
				C5660BDE2AECFC21000E5CD0 /* FirebaseAnalyticsSwift */,
				C5660BE02AECFC21000E5CD0 /* FirebaseAnalyticsWithoutAdIdSupport */,
				C5660BE22AECFC21000E5CD0 /* FirebaseAppCheck */,
				C5660BE42AECFC21000E5CD0 /* FirebaseAppDistribution-Beta */,
				C5660BE62AECFC21000E5CD0 /* FirebaseAuth */,
				C5660BE82AECFC21000E5CD0 /* FirebaseAuthCombine-Community */,
				C5660BEA2AECFC21000E5CD0 /* FirebaseCrashlytics */,
				C5660BEC2AECFC21000E5CD0 /* FirebaseDatabase */,
				C5660BEE2AECFC21000E5CD0 /* FirebaseDatabaseSwift */,
				C5660BF02AECFC21000E5CD0 /* FirebaseDynamicLinks */,
				C5660BF22AECFC21000E5CD0 /* FirebaseFirestore */,
				C5660BF42AECFC21000E5CD0 /* FirebaseFirestoreCombine-Community */,
				C5660BF62AECFC21000E5CD0 /* FirebaseFirestoreSwift */,
				C5660BF82AECFC21000E5CD0 /* FirebaseFunctions */,
				C5660BFA2AECFC21000E5CD0 /* FirebaseFunctionsCombine-Community */,
				C5660BFC2AECFC21000E5CD0 /* FirebaseInAppMessaging-Beta */,
				C5660BFE2AECFC21000E5CD0 /* FirebaseInAppMessagingSwift-Beta */,
				C5660C002AECFC21000E5CD0 /* FirebaseInstallations */,
				C5660C022AECFC21000E5CD0 /* FirebaseMLModelDownloader */,
				C5660C042AECFC21000E5CD0 /* FirebaseMessaging */,
				C5660C062AECFC21000E5CD0 /* FirebasePerformance */,
				C5660C082AECFC21000E5CD0 /* FirebaseRemoteConfig */,
				C5660C0A2AECFC21000E5CD0 /* FirebaseRemoteConfigSwift */,
				C5660C0C2AECFC21000E5CD0 /* FirebaseStorage */,
				C5660C0E2AECFC21000E5CD0 /* FirebaseStorageCombine-Community */,
			);
			productName = BathCare;
			productReference = C517FFF42AEC9B9200FB2E73 /* BathCare.app */;
			productType = "com.apple.product-type.application";
		};
/* End PBXNativeTarget section */

/* Begin PBXProject section */
		C517FFEC2AEC9B9200FB2E73 /* Project object */ = {
			isa = PBXProject;
			attributes = {
				BuildIndependentTargetsInParallel = 1;
				LastSwiftUpdateCheck = 1500;
				LastUpgradeCheck = 1500;
				TargetAttributes = {
					C517FFF32AEC9B9200FB2E73 = {
						CreatedOnToolsVersion = 15.0;
					};
				};
			};
			buildConfigurationList = C517FFEF2AEC9B9200FB2E73 /* Build configuration list for PBXProject "BathCare" */;
			compatibilityVersion = "Xcode 14.0";
			developmentRegion = en;
			hasScannedForEncodings = 0;
			knownRegions = (
				en,
				Base,
			);
			mainGroup = C517FFEB2AEC9B9200FB2E73;
			packageReferences = (
				C5660BD92AECFC21000E5CD0 /* XCRemoteSwiftPackageReference "firebase-ios-sdk" */,
			);
			productRefGroup = C517FFF52AEC9B9200FB2E73 /* Products */;
			projectDirPath = "";
			projectRoot = "";
			targets = (
				C517FFF32AEC9B9200FB2E73 /* BathCare */,
			);
		};
/* End PBXProject section */

/* Begin PBXResourcesBuildPhase section */
		C517FFF22AEC9B9200FB2E73 /* Resources */ = {
			isa = PBXResourcesBuildPhase;
			buildActionMask = 2147483647;
			files = (
				C517FFFF2AEC9B9300FB2E73 /* Preview Assets.xcassets in Resources */,
				C5660BD82AECFBD2000E5CD0 /* GoogleService-Info.plist in Resources */,
				C517FFFC2AEC9B9300FB2E73 /* Assets.xcassets in Resources */,
			);
			runOnlyForDeploymentPostprocessing = 0;
		};
/* End PBXResourcesBuildPhase section */

/* Begin PBXSourcesBuildPhase section */
		C517FFF02AEC9B9200FB2E73 /* Sources */ = {
			isa = PBXSourcesBuildPhase;
			buildActionMask = 2147483647;
			files = (
				C5660C192AEE7684000E5CD0 /* BathStatusJson.swift in Sources */,
				C5718E962AECA39D002AF495 /* Color+ex.swift in Sources */,
				C5660C292AEE7894000E5CD0 /* HeatShockPopupView.swift in Sources */,
				C5718E932AECA1BB002AF495 /* HomeView.swift in Sources */,
				C59647302AFD120100A6578F /* AppDataStore.swift in Sources */,
				C5660C172AEE7669000E5CD0 /* SensorDataJson.swift in Sources */,
				C5660C272AEE7845000E5CD0 /* HomeNotificationListView.swift in Sources */,
				C5660C1B2AEE769C000E5CD0 /* PhoneNumberJson.swift in Sources */,
<<<<<<< Updated upstream
=======
				C596472C2AFD0F1500A6578F /* BathStatusService.swift in Sources */,
				C56B6C7C2AF3D5140013F504 /* FirstView.swift in Sources */,
				C596472E2AFD0FA200A6578F /* Service.swift in Sources */,
>>>>>>> Stashed changes
				C5660C232AEE7732000E5CD0 /* HistoryJson.swift in Sources */,
				C5660C1D2AEE76BB000E5CD0 /* BathStatus.swift in Sources */,
				C517FFFA2AEC9B9200FB2E73 /* ContentView.swift in Sources */,
				C5660C2B2AEE78CB000E5CD0 /* HomeAlertView.swift in Sources */,
				C59647352AFD1B6700A6578F /* HistoryService.swift in Sources */,
				C5660C112AECFEE8000E5CD0 /* AppDelegate.swift in Sources */,
<<<<<<< Updated upstream
				C5718E982AECAB1D002AF495 /* HomeViewModel.swift in Sources */,
				C5660C142AEE0A09000E5CD0 /* Date+ex.swift in Sources */,
=======
				C56B6C862AF6020A0013F504 /* BluetoothManager.swift in Sources */,
				C59647332AFD167400A6578F /* SensorDataService.swift in Sources */,
				C5718E982AECAB1D002AF495 /* HomeViewModel.swift in Sources */,
				C5660C142AEE0A09000E5CD0 /* Date+ex.swift in Sources */,
				C596471B2AF631D300A6578F /* ConnectingBluetoothViewModel.swift in Sources */,
				C596471D2AF631EF00A6578F /* ConnectingBluetoothView.swift in Sources */,
				C59647372AFD1BD500A6578F /* PhoneNumberService.swift in Sources */,
				C59647242AF64F8900A6578F /* FifthViewModel.swift in Sources */,
>>>>>>> Stashed changes
				C5660C252AEE777C000E5CD0 /* ActionNotification.swift in Sources */,
				C517FFF82AEC9B9200FB2E73 /* BathCareApp.swift in Sources */,
			);
			runOnlyForDeploymentPostprocessing = 0;
		};
/* End PBXSourcesBuildPhase section */

/* Begin XCBuildConfiguration section */
		C51700002AEC9B9300FB2E73 /* Debug */ = {
			isa = XCBuildConfiguration;
			buildSettings = {
				ALWAYS_SEARCH_USER_PATHS = NO;
				ASSETCATALOG_COMPILER_GENERATE_SWIFT_ASSET_SYMBOL_EXTENSIONS = YES;
				CLANG_ANALYZER_NONNULL = YES;
				CLANG_ANALYZER_NUMBER_OBJECT_CONVERSION = YES_AGGRESSIVE;
				CLANG_CXX_LANGUAGE_STANDARD = "gnu++20";
				CLANG_ENABLE_MODULES = YES;
				CLANG_ENABLE_OBJC_ARC = YES;
				CLANG_ENABLE_OBJC_WEAK = YES;
				CLANG_WARN_BLOCK_CAPTURE_AUTORELEASING = YES;
				CLANG_WARN_BOOL_CONVERSION = YES;
				CLANG_WARN_COMMA = YES;
				CLANG_WARN_CONSTANT_CONVERSION = YES;
				CLANG_WARN_DEPRECATED_OBJC_IMPLEMENTATIONS = YES;
				CLANG_WARN_DIRECT_OBJC_ISA_USAGE = YES_ERROR;
				CLANG_WARN_DOCUMENTATION_COMMENTS = YES;
				CLANG_WARN_EMPTY_BODY = YES;
				CLANG_WARN_ENUM_CONVERSION = YES;
				CLANG_WARN_INFINITE_RECURSION = YES;
				CLANG_WARN_INT_CONVERSION = YES;
				CLANG_WARN_NON_LITERAL_NULL_CONVERSION = YES;
				CLANG_WARN_OBJC_IMPLICIT_RETAIN_SELF = YES;
				CLANG_WARN_OBJC_LITERAL_CONVERSION = YES;
				CLANG_WARN_OBJC_ROOT_CLASS = YES_ERROR;
				CLANG_WARN_QUOTED_INCLUDE_IN_FRAMEWORK_HEADER = YES;
				CLANG_WARN_RANGE_LOOP_ANALYSIS = YES;
				CLANG_WARN_STRICT_PROTOTYPES = YES;
				CLANG_WARN_SUSPICIOUS_MOVE = YES;
				CLANG_WARN_UNGUARDED_AVAILABILITY = YES_AGGRESSIVE;
				CLANG_WARN_UNREACHABLE_CODE = YES;
				CLANG_WARN__DUPLICATE_METHOD_MATCH = YES;
				COPY_PHASE_STRIP = NO;
				DEBUG_INFORMATION_FORMAT = dwarf;
				ENABLE_STRICT_OBJC_MSGSEND = YES;
				ENABLE_TESTABILITY = YES;
				ENABLE_USER_SCRIPT_SANDBOXING = YES;
				GCC_C_LANGUAGE_STANDARD = gnu17;
				GCC_DYNAMIC_NO_PIC = NO;
				GCC_NO_COMMON_BLOCKS = YES;
				GCC_OPTIMIZATION_LEVEL = 0;
				GCC_PREPROCESSOR_DEFINITIONS = (
					"DEBUG=1",
					"$(inherited)",
				);
				GCC_WARN_64_TO_32_BIT_CONVERSION = YES;
				GCC_WARN_ABOUT_RETURN_TYPE = YES_ERROR;
				GCC_WARN_UNDECLARED_SELECTOR = YES;
				GCC_WARN_UNINITIALIZED_AUTOS = YES_AGGRESSIVE;
				GCC_WARN_UNUSED_FUNCTION = YES;
				GCC_WARN_UNUSED_VARIABLE = YES;
				IPHONEOS_DEPLOYMENT_TARGET = 17.0;
				LOCALIZATION_PREFERS_STRING_CATALOGS = YES;
				MTL_ENABLE_DEBUG_INFO = INCLUDE_SOURCE;
				MTL_FAST_MATH = YES;
				ONLY_ACTIVE_ARCH = YES;
				SDKROOT = iphoneos;
				SWIFT_ACTIVE_COMPILATION_CONDITIONS = "DEBUG $(inherited)";
				SWIFT_OPTIMIZATION_LEVEL = "-Onone";
			};
			name = Debug;
		};
		C51700012AEC9B9300FB2E73 /* Release */ = {
			isa = XCBuildConfiguration;
			buildSettings = {
				ALWAYS_SEARCH_USER_PATHS = NO;
				ASSETCATALOG_COMPILER_GENERATE_SWIFT_ASSET_SYMBOL_EXTENSIONS = YES;
				CLANG_ANALYZER_NONNULL = YES;
				CLANG_ANALYZER_NUMBER_OBJECT_CONVERSION = YES_AGGRESSIVE;
				CLANG_CXX_LANGUAGE_STANDARD = "gnu++20";
				CLANG_ENABLE_MODULES = YES;
				CLANG_ENABLE_OBJC_ARC = YES;
				CLANG_ENABLE_OBJC_WEAK = YES;
				CLANG_WARN_BLOCK_CAPTURE_AUTORELEASING = YES;
				CLANG_WARN_BOOL_CONVERSION = YES;
				CLANG_WARN_COMMA = YES;
				CLANG_WARN_CONSTANT_CONVERSION = YES;
				CLANG_WARN_DEPRECATED_OBJC_IMPLEMENTATIONS = YES;
				CLANG_WARN_DIRECT_OBJC_ISA_USAGE = YES_ERROR;
				CLANG_WARN_DOCUMENTATION_COMMENTS = YES;
				CLANG_WARN_EMPTY_BODY = YES;
				CLANG_WARN_ENUM_CONVERSION = YES;
				CLANG_WARN_INFINITE_RECURSION = YES;
				CLANG_WARN_INT_CONVERSION = YES;
				CLANG_WARN_NON_LITERAL_NULL_CONVERSION = YES;
				CLANG_WARN_OBJC_IMPLICIT_RETAIN_SELF = YES;
				CLANG_WARN_OBJC_LITERAL_CONVERSION = YES;
				CLANG_WARN_OBJC_ROOT_CLASS = YES_ERROR;
				CLANG_WARN_QUOTED_INCLUDE_IN_FRAMEWORK_HEADER = YES;
				CLANG_WARN_RANGE_LOOP_ANALYSIS = YES;
				CLANG_WARN_STRICT_PROTOTYPES = YES;
				CLANG_WARN_SUSPICIOUS_MOVE = YES;
				CLANG_WARN_UNGUARDED_AVAILABILITY = YES_AGGRESSIVE;
				CLANG_WARN_UNREACHABLE_CODE = YES;
				CLANG_WARN__DUPLICATE_METHOD_MATCH = YES;
				COPY_PHASE_STRIP = NO;
				DEBUG_INFORMATION_FORMAT = "dwarf-with-dsym";
				ENABLE_NS_ASSERTIONS = NO;
				ENABLE_STRICT_OBJC_MSGSEND = YES;
				ENABLE_USER_SCRIPT_SANDBOXING = YES;
				GCC_C_LANGUAGE_STANDARD = gnu17;
				GCC_NO_COMMON_BLOCKS = YES;
				GCC_WARN_64_TO_32_BIT_CONVERSION = YES;
				GCC_WARN_ABOUT_RETURN_TYPE = YES_ERROR;
				GCC_WARN_UNDECLARED_SELECTOR = YES;
				GCC_WARN_UNINITIALIZED_AUTOS = YES_AGGRESSIVE;
				GCC_WARN_UNUSED_FUNCTION = YES;
				GCC_WARN_UNUSED_VARIABLE = YES;
				IPHONEOS_DEPLOYMENT_TARGET = 17.0;
				LOCALIZATION_PREFERS_STRING_CATALOGS = YES;
				MTL_ENABLE_DEBUG_INFO = NO;
				MTL_FAST_MATH = YES;
				SDKROOT = iphoneos;
				SWIFT_COMPILATION_MODE = wholemodule;
				VALIDATE_PRODUCT = YES;
			};
			name = Release;
		};
		C51700032AEC9B9300FB2E73 /* Debug */ = {
			isa = XCBuildConfiguration;
			buildSettings = {
				ASSETCATALOG_COMPILER_APPICON_NAME = AppIcon;
				ASSETCATALOG_COMPILER_GLOBAL_ACCENT_COLOR_NAME = AccentColor;
				CODE_SIGN_ENTITLEMENTS = BathCare/BathCare.entitlements;
				CODE_SIGN_STYLE = Automatic;
				CURRENT_PROJECT_VERSION = 1;
				DEVELOPMENT_ASSET_PATHS = "\"BathCare/Preview Content\"";
				DEVELOPMENT_TEAM = 377B7BZZ6Z;
				ENABLE_PREVIEWS = YES;
				GENERATE_INFOPLIST_FILE = YES;
				INFOPLIST_KEY_UIApplicationSceneManifest_Generation = YES;
				INFOPLIST_KEY_UIApplicationSupportsIndirectInputEvents = YES;
				INFOPLIST_KEY_UILaunchScreen_Generation = YES;
				INFOPLIST_KEY_UISupportedInterfaceOrientations_iPad = "UIInterfaceOrientationPortrait UIInterfaceOrientationPortraitUpsideDown UIInterfaceOrientationLandscapeLeft UIInterfaceOrientationLandscapeRight";
				INFOPLIST_KEY_UISupportedInterfaceOrientations_iPhone = "UIInterfaceOrientationPortrait UIInterfaceOrientationLandscapeLeft UIInterfaceOrientationLandscapeRight";
				LD_RUNPATH_SEARCH_PATHS = (
					"$(inherited)",
					"@executable_path/Frameworks",
				);
				MARKETING_VERSION = 1.0;
				PRODUCT_BUNDLE_IDENTIFIER = com.igaryo.BathCare;
				PRODUCT_NAME = "$(TARGET_NAME)";
				SWIFT_EMIT_LOC_STRINGS = YES;
				SWIFT_VERSION = 5.0;
				TARGETED_DEVICE_FAMILY = "1,2";
			};
			name = Debug;
		};
		C51700042AEC9B9300FB2E73 /* Release */ = {
			isa = XCBuildConfiguration;
			buildSettings = {
				ASSETCATALOG_COMPILER_APPICON_NAME = AppIcon;
				ASSETCATALOG_COMPILER_GLOBAL_ACCENT_COLOR_NAME = AccentColor;
				CODE_SIGN_ENTITLEMENTS = BathCare/BathCare.entitlements;
				CODE_SIGN_STYLE = Automatic;
				CURRENT_PROJECT_VERSION = 1;
				DEVELOPMENT_ASSET_PATHS = "\"BathCare/Preview Content\"";
				DEVELOPMENT_TEAM = 377B7BZZ6Z;
				ENABLE_PREVIEWS = YES;
				GENERATE_INFOPLIST_FILE = YES;
				INFOPLIST_KEY_UIApplicationSceneManifest_Generation = YES;
				INFOPLIST_KEY_UIApplicationSupportsIndirectInputEvents = YES;
				INFOPLIST_KEY_UILaunchScreen_Generation = YES;
				INFOPLIST_KEY_UISupportedInterfaceOrientations_iPad = "UIInterfaceOrientationPortrait UIInterfaceOrientationPortraitUpsideDown UIInterfaceOrientationLandscapeLeft UIInterfaceOrientationLandscapeRight";
				INFOPLIST_KEY_UISupportedInterfaceOrientations_iPhone = "UIInterfaceOrientationPortrait UIInterfaceOrientationLandscapeLeft UIInterfaceOrientationLandscapeRight";
				LD_RUNPATH_SEARCH_PATHS = (
					"$(inherited)",
					"@executable_path/Frameworks",
				);
				MARKETING_VERSION = 1.0;
				PRODUCT_BUNDLE_IDENTIFIER = com.igaryo.BathCare;
				PRODUCT_NAME = "$(TARGET_NAME)";
				SWIFT_EMIT_LOC_STRINGS = YES;
				SWIFT_VERSION = 5.0;
				TARGETED_DEVICE_FAMILY = "1,2";
			};
			name = Release;
		};
/* End XCBuildConfiguration section */

/* Begin XCConfigurationList section */
		C51700022AEC9B9300FB2E73 /* Build configuration list for PBXNativeTarget "BathCare" */ = {
			isa = XCConfigurationList;
			buildConfigurations = (
				C51700032AEC9B9300FB2E73 /* Debug */,
				C51700042AEC9B9300FB2E73 /* Release */,
			);
			defaultConfigurationIsVisible = 0;
			defaultConfigurationName = Release;
		};
		C517FFEF2AEC9B9200FB2E73 /* Build configuration list for PBXProject "BathCare" */ = {
			isa = XCConfigurationList;
			buildConfigurations = (
				C51700002AEC9B9300FB2E73 /* Debug */,
				C51700012AEC9B9300FB2E73 /* Release */,
			);
			defaultConfigurationIsVisible = 0;
			defaultConfigurationName = Release;
		};
/* End XCConfigurationList section */

/* Begin XCRemoteSwiftPackageReference section */
		C5660BD92AECFC21000E5CD0 /* XCRemoteSwiftPackageReference "firebase-ios-sdk" */ = {
			isa = XCRemoteSwiftPackageReference;
			repositoryURL = "https://github.com/firebase/firebase-ios-sdk";
			requirement = {
				kind = upToNextMajorVersion;
				minimumVersion = 10.16.0;
			};
		};
/* End XCRemoteSwiftPackageReference section */

/* Begin XCSwiftPackageProductDependency section */
		C5660BDA2AECFC21000E5CD0 /* FirebaseAnalytics */ = {
			isa = XCSwiftPackageProductDependency;
			package = C5660BD92AECFC21000E5CD0 /* XCRemoteSwiftPackageReference "firebase-ios-sdk" */;
			productName = FirebaseAnalytics;
		};
		C5660BDC2AECFC21000E5CD0 /* FirebaseAnalyticsOnDeviceConversion */ = {
			isa = XCSwiftPackageProductDependency;
			package = C5660BD92AECFC21000E5CD0 /* XCRemoteSwiftPackageReference "firebase-ios-sdk" */;
			productName = FirebaseAnalyticsOnDeviceConversion;
		};
		C5660BDE2AECFC21000E5CD0 /* FirebaseAnalyticsSwift */ = {
			isa = XCSwiftPackageProductDependency;
			package = C5660BD92AECFC21000E5CD0 /* XCRemoteSwiftPackageReference "firebase-ios-sdk" */;
			productName = FirebaseAnalyticsSwift;
		};
		C5660BE02AECFC21000E5CD0 /* FirebaseAnalyticsWithoutAdIdSupport */ = {
			isa = XCSwiftPackageProductDependency;
			package = C5660BD92AECFC21000E5CD0 /* XCRemoteSwiftPackageReference "firebase-ios-sdk" */;
			productName = FirebaseAnalyticsWithoutAdIdSupport;
		};
		C5660BE22AECFC21000E5CD0 /* FirebaseAppCheck */ = {
			isa = XCSwiftPackageProductDependency;
			package = C5660BD92AECFC21000E5CD0 /* XCRemoteSwiftPackageReference "firebase-ios-sdk" */;
			productName = FirebaseAppCheck;
		};
		C5660BE42AECFC21000E5CD0 /* FirebaseAppDistribution-Beta */ = {
			isa = XCSwiftPackageProductDependency;
			package = C5660BD92AECFC21000E5CD0 /* XCRemoteSwiftPackageReference "firebase-ios-sdk" */;
			productName = "FirebaseAppDistribution-Beta";
		};
		C5660BE62AECFC21000E5CD0 /* FirebaseAuth */ = {
			isa = XCSwiftPackageProductDependency;
			package = C5660BD92AECFC21000E5CD0 /* XCRemoteSwiftPackageReference "firebase-ios-sdk" */;
			productName = FirebaseAuth;
		};
		C5660BE82AECFC21000E5CD0 /* FirebaseAuthCombine-Community */ = {
			isa = XCSwiftPackageProductDependency;
			package = C5660BD92AECFC21000E5CD0 /* XCRemoteSwiftPackageReference "firebase-ios-sdk" */;
			productName = "FirebaseAuthCombine-Community";
		};
		C5660BEA2AECFC21000E5CD0 /* FirebaseCrashlytics */ = {
			isa = XCSwiftPackageProductDependency;
			package = C5660BD92AECFC21000E5CD0 /* XCRemoteSwiftPackageReference "firebase-ios-sdk" */;
			productName = FirebaseCrashlytics;
		};
		C5660BEC2AECFC21000E5CD0 /* FirebaseDatabase */ = {
			isa = XCSwiftPackageProductDependency;
			package = C5660BD92AECFC21000E5CD0 /* XCRemoteSwiftPackageReference "firebase-ios-sdk" */;
			productName = FirebaseDatabase;
		};
		C5660BEE2AECFC21000E5CD0 /* FirebaseDatabaseSwift */ = {
			isa = XCSwiftPackageProductDependency;
			package = C5660BD92AECFC21000E5CD0 /* XCRemoteSwiftPackageReference "firebase-ios-sdk" */;
			productName = FirebaseDatabaseSwift;
		};
		C5660BF02AECFC21000E5CD0 /* FirebaseDynamicLinks */ = {
			isa = XCSwiftPackageProductDependency;
			package = C5660BD92AECFC21000E5CD0 /* XCRemoteSwiftPackageReference "firebase-ios-sdk" */;
			productName = FirebaseDynamicLinks;
		};
		C5660BF22AECFC21000E5CD0 /* FirebaseFirestore */ = {
			isa = XCSwiftPackageProductDependency;
			package = C5660BD92AECFC21000E5CD0 /* XCRemoteSwiftPackageReference "firebase-ios-sdk" */;
			productName = FirebaseFirestore;
		};
		C5660BF42AECFC21000E5CD0 /* FirebaseFirestoreCombine-Community */ = {
			isa = XCSwiftPackageProductDependency;
			package = C5660BD92AECFC21000E5CD0 /* XCRemoteSwiftPackageReference "firebase-ios-sdk" */;
			productName = "FirebaseFirestoreCombine-Community";
		};
		C5660BF62AECFC21000E5CD0 /* FirebaseFirestoreSwift */ = {
			isa = XCSwiftPackageProductDependency;
			package = C5660BD92AECFC21000E5CD0 /* XCRemoteSwiftPackageReference "firebase-ios-sdk" */;
			productName = FirebaseFirestoreSwift;
		};
		C5660BF82AECFC21000E5CD0 /* FirebaseFunctions */ = {
			isa = XCSwiftPackageProductDependency;
			package = C5660BD92AECFC21000E5CD0 /* XCRemoteSwiftPackageReference "firebase-ios-sdk" */;
			productName = FirebaseFunctions;
		};
		C5660BFA2AECFC21000E5CD0 /* FirebaseFunctionsCombine-Community */ = {
			isa = XCSwiftPackageProductDependency;
			package = C5660BD92AECFC21000E5CD0 /* XCRemoteSwiftPackageReference "firebase-ios-sdk" */;
			productName = "FirebaseFunctionsCombine-Community";
		};
		C5660BFC2AECFC21000E5CD0 /* FirebaseInAppMessaging-Beta */ = {
			isa = XCSwiftPackageProductDependency;
			package = C5660BD92AECFC21000E5CD0 /* XCRemoteSwiftPackageReference "firebase-ios-sdk" */;
			productName = "FirebaseInAppMessaging-Beta";
		};
		C5660BFE2AECFC21000E5CD0 /* FirebaseInAppMessagingSwift-Beta */ = {
			isa = XCSwiftPackageProductDependency;
			package = C5660BD92AECFC21000E5CD0 /* XCRemoteSwiftPackageReference "firebase-ios-sdk" */;
			productName = "FirebaseInAppMessagingSwift-Beta";
		};
		C5660C002AECFC21000E5CD0 /* FirebaseInstallations */ = {
			isa = XCSwiftPackageProductDependency;
			package = C5660BD92AECFC21000E5CD0 /* XCRemoteSwiftPackageReference "firebase-ios-sdk" */;
			productName = FirebaseInstallations;
		};
		C5660C022AECFC21000E5CD0 /* FirebaseMLModelDownloader */ = {
			isa = XCSwiftPackageProductDependency;
			package = C5660BD92AECFC21000E5CD0 /* XCRemoteSwiftPackageReference "firebase-ios-sdk" */;
			productName = FirebaseMLModelDownloader;
		};
		C5660C042AECFC21000E5CD0 /* FirebaseMessaging */ = {
			isa = XCSwiftPackageProductDependency;
			package = C5660BD92AECFC21000E5CD0 /* XCRemoteSwiftPackageReference "firebase-ios-sdk" */;
			productName = FirebaseMessaging;
		};
		C5660C062AECFC21000E5CD0 /* FirebasePerformance */ = {
			isa = XCSwiftPackageProductDependency;
			package = C5660BD92AECFC21000E5CD0 /* XCRemoteSwiftPackageReference "firebase-ios-sdk" */;
			productName = FirebasePerformance;
		};
		C5660C082AECFC21000E5CD0 /* FirebaseRemoteConfig */ = {
			isa = XCSwiftPackageProductDependency;
			package = C5660BD92AECFC21000E5CD0 /* XCRemoteSwiftPackageReference "firebase-ios-sdk" */;
			productName = FirebaseRemoteConfig;
		};
		C5660C0A2AECFC21000E5CD0 /* FirebaseRemoteConfigSwift */ = {
			isa = XCSwiftPackageProductDependency;
			package = C5660BD92AECFC21000E5CD0 /* XCRemoteSwiftPackageReference "firebase-ios-sdk" */;
			productName = FirebaseRemoteConfigSwift;
		};
		C5660C0C2AECFC21000E5CD0 /* FirebaseStorage */ = {
			isa = XCSwiftPackageProductDependency;
			package = C5660BD92AECFC21000E5CD0 /* XCRemoteSwiftPackageReference "firebase-ios-sdk" */;
			productName = FirebaseStorage;
		};
		C5660C0E2AECFC21000E5CD0 /* FirebaseStorageCombine-Community */ = {
			isa = XCSwiftPackageProductDependency;
			package = C5660BD92AECFC21000E5CD0 /* XCRemoteSwiftPackageReference "firebase-ios-sdk" */;
			productName = "FirebaseStorageCombine-Community";
		};
/* End XCSwiftPackageProductDependency section */
	};
	rootObject = C517FFEC2AEC9B9200FB2E73 /* Project object */;
}
